
Microsoft Visual Studio Solution File, Format Version 12.00
# Visual Studio 15
VisualStudioVersion = 15.0.28307.1267
MinimumVisualStudioVersion = 10.0.40219.1
Project("{FAE04EC0-301F-11D3-BF4B-00C04F79EFBC}") = "RemoteDesktop", "RemoteDesktop\RemoteDesktop.csproj", "{A0F930C4-5D5A-41C7-A060-39B76D6C863A}"
EndProject
Global
	GlobalSection(SolutionConfigurationPlatforms) = preSolution
		Debug|Any CPU = Debug|Any CPU
		Release|Any CPU = Release|Any CPU
	EndGlobalSection
	GlobalSection(ProjectConfigurationPlatforms) = postSolution
		{A0F930C4-5D5A-41C7-A060-39B76D6C863A}.Debug|Any CPU.ActiveCfg = Debug|Any CPU
		{A0F930C4-5D5A-41C7-A060-39B76D6C863A}.Debug|Any CPU.Build.0 = Debug|Any CPU
		{A0F930C4-5D5A-41C7-A060-39B76D6C863A}.Release|Any CPU.ActiveCfg = Release|Any CPU
		{A0F930C4-5D5A-41C7-A060-39B76D6C863A}.Release|Any CPU.Build.0 = Release|Any CPU
	EndGlobalSection
	GlobalSection(SolutionProperties) = preSolution
		HideSolutionNode = FALSE
	EndGlobalSection
	GlobalSection(ExtensibilityGlobals) = postSolution
		SolutionGuid = {E0857827-C213-41AA-8588-6F87E58D8226}
	EndGlobalSection
EndGlobal
